
Microsoft Visual Studio Solution File, Format Version 12.00
# Visual Studio 15
VisualStudioVersion = 15.0.26228.12
MinimumVisualStudioVersion = 10.0.40219.1
Project("{9A19103F-16F7-4668-BE54-9A1E7A4F7556}") = "SACC.OperationResult", "SACC.OperationResult\SACC.OperationResult.csproj", "{EE4E9D01-B3B5-4200-BFC7-6C124094A36A}"
EndProject
Project("{FAE04EC0-301F-11D3-BF4B-00C04F79EFBC}") = "SACC.OperationResult.Tests", "SACC.OperationResult.Tests\SACC.OperationResult.Tests.csproj", "{1720DEE8-DFAF-4857-8156-63141EFAE959}"
EndProject
Project("{2150E333-8FDC-42A3-9474-1A3956D46DE8}") = "Documentation", "Documentation", "{9C9161ED-BA6D-45BC-8C1A-57216280D64E}"
	ProjectSection(SolutionItems) = preProject
		README.md = README.md
	EndProjectSection
EndProject
Global
	GlobalSection(SolutionConfigurationPlatforms) = preSolution
		Debug|Any CPU = Debug|Any CPU
		Release|Any CPU = Release|Any CPU
	EndGlobalSection
	GlobalSection(ProjectConfigurationPlatforms) = postSolution
		{EE4E9D01-B3B5-4200-BFC7-6C124094A36A}.Debug|Any CPU.ActiveCfg = Debug|Any CPU
		{EE4E9D01-B3B5-4200-BFC7-6C124094A36A}.Debug|Any CPU.Build.0 = Debug|Any CPU
		{EE4E9D01-B3B5-4200-BFC7-6C124094A36A}.Release|Any CPU.ActiveCfg = Release|Any CPU
		{EE4E9D01-B3B5-4200-BFC7-6C124094A36A}.Release|Any CPU.Build.0 = Release|Any CPU
		{1720DEE8-DFAF-4857-8156-63141EFAE959}.Debug|Any CPU.ActiveCfg = Debug|Any CPU
		{1720DEE8-DFAF-4857-8156-63141EFAE959}.Debug|Any CPU.Build.0 = Debug|Any CPU
		{1720DEE8-DFAF-4857-8156-63141EFAE959}.Release|Any CPU.ActiveCfg = Release|Any CPU
		{1720DEE8-DFAF-4857-8156-63141EFAE959}.Release|Any CPU.Build.0 = Release|Any CPU
	EndGlobalSection
	GlobalSection(SolutionProperties) = preSolution
		HideSolutionNode = FALSE
	EndGlobalSection
EndGlobal
